// !$*UTF8*$!
{
	archiveVersion = 1;
	classes = {
	};
	objectVersion = 56;
	objects = {

/* Begin PBXBuildFile section */
		9F20E3732C9FBC9A003FF56E /* PageViewController.swift in Sources */ = {isa = PBXBuildFile; fileRef = 9F20E3722C9FBC9A003FF56E /* PageViewController.swift */; };
		9F20E3752C9FEAFE003FF56E /* FeatureCard.swift in Sources */ = {isa = PBXBuildFile; fileRef = 9F20E3742C9FEAFE003FF56E /* FeatureCard.swift */; };
		9F20E3772C9FECFF003FF56E /* PageView.swift in Sources */ = {isa = PBXBuildFile; fileRef = 9F20E3762C9FECFF003FF56E /* PageView.swift */; };
		9F20E3792C9FF240003FF56E /* PageControl.swift in Sources */ = {isa = PBXBuildFile; fileRef = 9F20E3782C9FF240003FF56E /* PageControl.swift */; };
		9F4498482C8C712F00A61392 /* LandmarkRow.swift in Sources */ = {isa = PBXBuildFile; fileRef = 9F4498472C8C712F00A61392 /* LandmarkRow.swift */; };
		9F44984A2C8C73CA00A61392 /* LandmarkLists.swift in Sources */ = {isa = PBXBuildFile; fileRef = 9F4498492C8C73CA00A61392 /* LandmarkLists.swift */; };
		9F44984C2C8C75B600A61392 /* LandmarkDetail.swift in Sources */ = {isa = PBXBuildFile; fileRef = 9F44984B2C8C75B600A61392 /* LandmarkDetail.swift */; };
		9F5B18E12C8B6586007CE48D /* swiftUITutorialApp.swift in Sources */ = {isa = PBXBuildFile; fileRef = 9F5B18E02C8B6586007CE48D /* swiftUITutorialApp.swift */; };
		9F5B18E32C8B6586007CE48D /* ContentView.swift in Sources */ = {isa = PBXBuildFile; fileRef = 9F5B18E22C8B6586007CE48D /* ContentView.swift */; };
		9F5B18E52C8B6587007CE48D /* Assets.xcassets in Resources */ = {isa = PBXBuildFile; fileRef = 9F5B18E42C8B6587007CE48D /* Assets.xcassets */; };
		9F5B18E82C8B6587007CE48D /* Preview Assets.xcassets in Resources */ = {isa = PBXBuildFile; fileRef = 9F5B18E72C8B6587007CE48D /* Preview Assets.xcassets */; };
		9F93CD9D2C8FDC0A006C4DED /* BadgeBackground.swift in Sources */ = {isa = PBXBuildFile; fileRef = 9F93CD9C2C8FDC0A006C4DED /* BadgeBackground.swift */; };
		9F93CD9F2C8FE05A006C4DED /* BadgeSymbol.swift in Sources */ = {isa = PBXBuildFile; fileRef = 9F93CD9E2C8FE05A006C4DED /* BadgeSymbol.swift */; };
		9F93CDA12C8FE28F006C4DED /* Badge.swift in Sources */ = {isa = PBXBuildFile; fileRef = 9F93CDA02C8FE28F006C4DED /* Badge.swift */; };
		9F93CDA32C8FE346006C4DED /* RotatedBadgeSymbol.swift in Sources */ = {isa = PBXBuildFile; fileRef = 9F93CDA22C8FE346006C4DED /* RotatedBadgeSymbol.swift */; };
		9FA587A32C8E839900CC9CE3 /* FavoriteButton.swift in Sources */ = {isa = PBXBuildFile; fileRef = 9FA587A22C8E839900CC9CE3 /* FavoriteButton.swift */; };
		9FBBD9CD2C8C127500D93C91 /* CircleImage.swift in Sources */ = {isa = PBXBuildFile; fileRef = 9FBBD9CC2C8C127500D93C91 /* CircleImage.swift */; };
		9FBBD9CF2C8C135600D93C91 /*  MapView.swift in Sources */ = {isa = PBXBuildFile; fileRef = 9FBBD9CE2C8C135600D93C91 /*  MapView.swift */; };
		9FBBD9D12C8C1BE400D93C91 /* landmarkData.json in Resources */ = {isa = PBXBuildFile; fileRef = 9FBBD9D02C8C1BE400D93C91 /* landmarkData.json */; };
		9FBBD9D32C8C1C0100D93C91 /* Landmark.swift in Sources */ = {isa = PBXBuildFile; fileRef = 9FBBD9D22C8C1C0100D93C91 /* Landmark.swift */; };
		9FBBD9D52C8C651D00D93C91 /* ModelData.swift in Sources */ = {isa = PBXBuildFile; fileRef = 9FBBD9D42C8C651D00D93C91 /* ModelData.swift */; };
		9FDE95C52C96891E008AF2A6 /* HexagonParameters.swift in Sources */ = {isa = PBXBuildFile; fileRef = 9FDE95C42C96891E008AF2A6 /* HexagonParameters.swift */; };
		9FDE95C72C96894E008AF2A6 /* hikeData.json in Resources */ = {isa = PBXBuildFile; fileRef = 9FDE95C62C96894E008AF2A6 /* hikeData.json */; };
		9FDE95CD2C968955008AF2A6 /* GraphCapsule.swift in Sources */ = {isa = PBXBuildFile; fileRef = 9FDE95C82C968955008AF2A6 /* GraphCapsule.swift */; };
		9FDE95CE2C968955008AF2A6 /* HikeDetail.swift in Sources */ = {isa = PBXBuildFile; fileRef = 9FDE95C92C968955008AF2A6 /* HikeDetail.swift */; };
		9FDE95CF2C968955008AF2A6 /* HikeGraph.swift in Sources */ = {isa = PBXBuildFile; fileRef = 9FDE95CA2C968955008AF2A6 /* HikeGraph.swift */; };
		9FDE95D02C968955008AF2A6 /* HikeView.swift in Sources */ = {isa = PBXBuildFile; fileRef = 9FDE95CB2C968955008AF2A6 /* HikeView.swift */; };
		9FDE95D22C968970008AF2A6 /* Hike.swift in Sources */ = {isa = PBXBuildFile; fileRef = 9FDE95D12C968970008AF2A6 /* Hike.swift */; };
		9FDE95D52C991822008AF2A6 /* CategoryHome.swift in Sources */ = {isa = PBXBuildFile; fileRef = 9FDE95D42C991822008AF2A6 /* CategoryHome.swift */; };
		9FDE95D72C9919E3008AF2A6 /* CategoryRow.swift in Sources */ = {isa = PBXBuildFile; fileRef = 9FDE95D62C9919E3008AF2A6 /* CategoryRow.swift */; };
		9FDE95D92C991B24008AF2A6 /* CategoryItem.swift in Sources */ = {isa = PBXBuildFile; fileRef = 9FDE95D82C991B24008AF2A6 /* CategoryItem.swift */; };
		9FDE95DB2C9A516B008AF2A6 /* Profile.swift in Sources */ = {isa = PBXBuildFile; fileRef = 9FDE95DA2C9A516B008AF2A6 /* Profile.swift */; };
		9FDE95DE2C9A56D3008AF2A6 /* ProfileHost.swift in Sources */ = {isa = PBXBuildFile; fileRef = 9FDE95DD2C9A56D3008AF2A6 /* ProfileHost.swift */; };
		9FDE95E02C9A6660008AF2A6 /* ProfileSummary.swift in Sources */ = {isa = PBXBuildFile; fileRef = 9FDE95DF2C9A6660008AF2A6 /* ProfileSummary.swift */; };
		9FDE95E22C9A678C008AF2A6 /* HikeBadge.swift in Sources */ = {isa = PBXBuildFile; fileRef = 9FDE95E12C9A678C008AF2A6 /* HikeBadge.swift */; };
		9FDE95E42C9A6B87008AF2A6 /* ProfileEditor.swift in Sources */ = {isa = PBXBuildFile; fileRef = 9FDE95E32C9A6B87008AF2A6 /* ProfileEditor.swift */; };
/* End PBXBuildFile section */

/* Begin PBXFileReference section */
		9F20E3722C9FBC9A003FF56E /* PageViewController.swift */ = {isa = PBXFileReference; lastKnownFileType = sourcecode.swift; path = PageViewController.swift; sourceTree = "<group>"; };
		9F20E3742C9FEAFE003FF56E /* FeatureCard.swift */ = {isa = PBXFileReference; lastKnownFileType = sourcecode.swift; path = FeatureCard.swift; sourceTree = "<group>"; };
		9F20E3762C9FECFF003FF56E /* PageView.swift */ = {isa = PBXFileReference; lastKnownFileType = sourcecode.swift; path = PageView.swift; sourceTree = "<group>"; };
		9F20E3782C9FF240003FF56E /* PageControl.swift */ = {isa = PBXFileReference; lastKnownFileType = sourcecode.swift; path = PageControl.swift; sourceTree = "<group>"; };
		9F4498472C8C712F00A61392 /* LandmarkRow.swift */ = {isa = PBXFileReference; lastKnownFileType = sourcecode.swift; path = LandmarkRow.swift; sourceTree = "<group>"; };
		9F4498492C8C73CA00A61392 /* LandmarkLists.swift */ = {isa = PBXFileReference; lastKnownFileType = sourcecode.swift; path = LandmarkLists.swift; sourceTree = "<group>"; };
		9F44984B2C8C75B600A61392 /* LandmarkDetail.swift */ = {isa = PBXFileReference; lastKnownFileType = sourcecode.swift; path = LandmarkDetail.swift; sourceTree = "<group>"; };
		9F5B18DD2C8B6586007CE48D /* swiftUITutorial.app */ = {isa = PBXFileReference; explicitFileType = wrapper.application; includeInIndex = 0; path = swiftUITutorial.app; sourceTree = BUILT_PRODUCTS_DIR; };
		9F5B18E02C8B6586007CE48D /* swiftUITutorialApp.swift */ = {isa = PBXFileReference; lastKnownFileType = sourcecode.swift; path = swiftUITutorialApp.swift; sourceTree = "<group>"; };
		9F5B18E22C8B6586007CE48D /* ContentView.swift */ = {isa = PBXFileReference; lastKnownFileType = sourcecode.swift; path = ContentView.swift; sourceTree = "<group>"; };
		9F5B18E42C8B6587007CE48D /* Assets.xcassets */ = {isa = PBXFileReference; lastKnownFileType = folder.assetcatalog; path = Assets.xcassets; sourceTree = "<group>"; };
		9F5B18E72C8B6587007CE48D /* Preview Assets.xcassets */ = {isa = PBXFileReference; lastKnownFileType = folder.assetcatalog; path = "Preview Assets.xcassets"; sourceTree = "<group>"; };
		9F93CD9C2C8FDC0A006C4DED /* BadgeBackground.swift */ = {isa = PBXFileReference; lastKnownFileType = sourcecode.swift; path = BadgeBackground.swift; sourceTree = "<group>"; };
		9F93CD9E2C8FE05A006C4DED /* BadgeSymbol.swift */ = {isa = PBXFileReference; lastKnownFileType = sourcecode.swift; path = BadgeSymbol.swift; sourceTree = "<group>"; };
		9F93CDA02C8FE28F006C4DED /* Badge.swift */ = {isa = PBXFileReference; lastKnownFileType = sourcecode.swift; path = Badge.swift; sourceTree = "<group>"; };
		9F93CDA22C8FE346006C4DED /* RotatedBadgeSymbol.swift */ = {isa = PBXFileReference; lastKnownFileType = sourcecode.swift; path = RotatedBadgeSymbol.swift; sourceTree = "<group>"; };
		9FA587A22C8E839900CC9CE3 /* FavoriteButton.swift */ = {isa = PBXFileReference; lastKnownFileType = sourcecode.swift; path = FavoriteButton.swift; sourceTree = "<group>"; };
		9FBBD9CC2C8C127500D93C91 /* CircleImage.swift */ = {isa = PBXFileReference; lastKnownFileType = sourcecode.swift; path = CircleImage.swift; sourceTree = "<group>"; };
		9FBBD9CE2C8C135600D93C91 /*  MapView.swift */ = {isa = PBXFileReference; lastKnownFileType = sourcecode.swift; path = " MapView.swift"; sourceTree = "<group>"; };
		9FBBD9D02C8C1BE400D93C91 /* landmarkData.json */ = {isa = PBXFileReference; fileEncoding = 4; lastKnownFileType = text.json; path = landmarkData.json; sourceTree = "<group>"; };
		9FBBD9D22C8C1C0100D93C91 /* Landmark.swift */ = {isa = PBXFileReference; lastKnownFileType = sourcecode.swift; path = Landmark.swift; sourceTree = "<group>"; };
		9FBBD9D42C8C651D00D93C91 /* ModelData.swift */ = {isa = PBXFileReference; lastKnownFileType = sourcecode.swift; path = ModelData.swift; sourceTree = "<group>"; };
		9FDE95C42C96891E008AF2A6 /* HexagonParameters.swift */ = {isa = PBXFileReference; fileEncoding = 4; lastKnownFileType = sourcecode.swift; path = HexagonParameters.swift; sourceTree = "<group>"; };
		9FDE95C62C96894E008AF2A6 /* hikeData.json */ = {isa = PBXFileReference; fileEncoding = 4; lastKnownFileType = text.json; path = hikeData.json; sourceTree = "<group>"; };
		9FDE95C82C968955008AF2A6 /* GraphCapsule.swift */ = {isa = PBXFileReference; fileEncoding = 4; lastKnownFileType = sourcecode.swift; path = GraphCapsule.swift; sourceTree = "<group>"; };
		9FDE95C92C968955008AF2A6 /* HikeDetail.swift */ = {isa = PBXFileReference; fileEncoding = 4; lastKnownFileType = sourcecode.swift; path = HikeDetail.swift; sourceTree = "<group>"; };
		9FDE95CA2C968955008AF2A6 /* HikeGraph.swift */ = {isa = PBXFileReference; fileEncoding = 4; lastKnownFileType = sourcecode.swift; path = HikeGraph.swift; sourceTree = "<group>"; };
		9FDE95CB2C968955008AF2A6 /* HikeView.swift */ = {isa = PBXFileReference; fileEncoding = 4; lastKnownFileType = sourcecode.swift; path = HikeView.swift; sourceTree = "<group>"; };
		9FDE95D12C968970008AF2A6 /* Hike.swift */ = {isa = PBXFileReference; lastKnownFileType = sourcecode.swift; path = Hike.swift; sourceTree = "<group>"; };
		9FDE95D42C991822008AF2A6 /* CategoryHome.swift */ = {isa = PBXFileReference; lastKnownFileType = sourcecode.swift; path = CategoryHome.swift; sourceTree = "<group>"; };
		9FDE95D62C9919E3008AF2A6 /* CategoryRow.swift */ = {isa = PBXFileReference; lastKnownFileType = sourcecode.swift; path = CategoryRow.swift; sourceTree = "<group>"; };
		9FDE95D82C991B24008AF2A6 /* CategoryItem.swift */ = {isa = PBXFileReference; lastKnownFileType = sourcecode.swift; path = CategoryItem.swift; sourceTree = "<group>"; };
		9FDE95DA2C9A516B008AF2A6 /* Profile.swift */ = {isa = PBXFileReference; lastKnownFileType = sourcecode.swift; path = Profile.swift; sourceTree = "<group>"; };
		9FDE95DD2C9A56D3008AF2A6 /* ProfileHost.swift */ = {isa = PBXFileReference; lastKnownFileType = sourcecode.swift; path = ProfileHost.swift; sourceTree = "<group>"; };
		9FDE95DF2C9A6660008AF2A6 /* ProfileSummary.swift */ = {isa = PBXFileReference; lastKnownFileType = sourcecode.swift; path = ProfileSummary.swift; sourceTree = "<group>"; };
		9FDE95E12C9A678C008AF2A6 /* HikeBadge.swift */ = {isa = PBXFileReference; lastKnownFileType = sourcecode.swift; path = HikeBadge.swift; sourceTree = "<group>"; };
		9FDE95E32C9A6B87008AF2A6 /* ProfileEditor.swift */ = {isa = PBXFileReference; lastKnownFileType = sourcecode.swift; path = ProfileEditor.swift; sourceTree = "<group>"; };
/* End PBXFileReference section */

/* Begin PBXFrameworksBuildPhase section */
		9F5B18DA2C8B6586007CE48D /* Frameworks */ = {
			isa = PBXFrameworksBuildPhase;
			buildActionMask = 2147483647;
			files = (
			);
			runOnlyForDeploymentPostprocessing = 0;
		};
/* End PBXFrameworksBuildPhase section */

/* Begin PBXGroup section */
		9F5B18D42C8B6586007CE48D = {
			isa = PBXGroup;
			children = (
				9F5B18DF2C8B6586007CE48D /* swiftUITutorial */,
				9F5B18DE2C8B6586007CE48D /* Products */,
			);
			sourceTree = "<group>";
		};
		9F5B18DE2C8B6586007CE48D /* Products */ = {
			isa = PBXGroup;
			children = (
				9F5B18DD2C8B6586007CE48D /* swiftUITutorial.app */,
			);
			name = Products;
			sourceTree = "<group>";
		};
		9F5B18DF2C8B6586007CE48D /* swiftUITutorial */ = {
			isa = PBXGroup;
			children = (
				9F5B18E02C8B6586007CE48D /* swiftUITutorialApp.swift */,
				9FBBD9D82C8C6D0400D93C91 /* Views */,
				9FBBD9D72C8C6CFA00D93C91 /* Model */,
				9FBBD9D62C8C6CE700D93C91 /* Resources */,
				9F5B18E42C8B6587007CE48D /* Assets.xcassets */,
				9F5B18E62C8B6587007CE48D /* Preview Content */,
			);
			path = swiftUITutorial;
			sourceTree = "<group>";
		};
		9F5B18E62C8B6587007CE48D /* Preview Content */ = {
			isa = PBXGroup;
			children = (
				9F5B18E72C8B6587007CE48D /* Preview Assets.xcassets */,
			);
			path = "Preview Content";
			sourceTree = "<group>";
		};
		9F93CDA42C8FE5A4006C4DED /* Badges */ = {
			isa = PBXGroup;
			children = (
				9F93CD9C2C8FDC0A006C4DED /* BadgeBackground.swift */,
				9F93CD9E2C8FE05A006C4DED /* BadgeSymbol.swift */,
				9FDE95C42C96891E008AF2A6 /* HexagonParameters.swift */,
				9F93CDA22C8FE346006C4DED /* RotatedBadgeSymbol.swift */,
				9F93CDA02C8FE28F006C4DED /* Badge.swift */,
			);
			path = Badges;
			sourceTree = "<group>";
		};
		9FA587A42C8E848000CC9CE3 /* Landmarks */ = {
			isa = PBXGroup;
			children = (
				9F4498472C8C712F00A61392 /* LandmarkRow.swift */,
				9F4498492C8C73CA00A61392 /* LandmarkLists.swift */,
				9F44984B2C8C75B600A61392 /* LandmarkDetail.swift */,
			);
			path = Landmarks;
			sourceTree = "<group>";
		};
		9FA587A52C8E849700CC9CE3 /* Helper */ = {
			isa = PBXGroup;
			children = (
				9FA587A22C8E839900CC9CE3 /* FavoriteButton.swift */,
				9FBBD9CE2C8C135600D93C91 /*  MapView.swift */,
				9FBBD9CC2C8C127500D93C91 /* CircleImage.swift */,
			);
			path = Helper;
			sourceTree = "<group>";
		};
		9FBBD9D62C8C6CE700D93C91 /* Resources */ = {
			isa = PBXGroup;
			children = (
				9FBBD9D02C8C1BE400D93C91 /* landmarkData.json */,
			);
			path = Resources;
			sourceTree = "<group>";
		};
		9FBBD9D72C8C6CFA00D93C91 /* Model */ = {
			isa = PBXGroup;
			children = (
				9FDE95C62C96894E008AF2A6 /* hikeData.json */,
				9FBBD9D22C8C1C0100D93C91 /* Landmark.swift */,
				9FBBD9D42C8C651D00D93C91 /* ModelData.swift */,
				9FDE95D12C968970008AF2A6 /* Hike.swift */,
				9FDE95DA2C9A516B008AF2A6 /* Profile.swift */,
			);
			path = Model;
			sourceTree = "<group>";
		};
		9FBBD9D82C8C6D0400D93C91 /* Views */ = {
			isa = PBXGroup;
			children = (
				9FDE95DC2C9A56C4008AF2A6 /* Profiles */,
				9FDE95D32C991809008AF2A6 /* Category */,
				9F5B18E22C8B6586007CE48D /* ContentView.swift */,
				9FA587A42C8E848000CC9CE3 /* Landmarks */,
				9FDE95CC2C968955008AF2A6 /* Hikes */,
				9F93CDA42C8FE5A4006C4DED /* Badges */,
				9FA587A52C8E849700CC9CE3 /* Helper */,
				9F20E3722C9FBC9A003FF56E /* PageViewController.swift */,
				9F20E3782C9FF240003FF56E /* PageControl.swift */,
				9F20E3762C9FECFF003FF56E /* PageView.swift */,
				9F20E3742C9FEAFE003FF56E /* FeatureCard.swift */,
			);
			path = Views;
			sourceTree = "<group>";
		};
		9FDE95CC2C968955008AF2A6 /* Hikes */ = {
			isa = PBXGroup;
			children = (
				9FDE95C82C968955008AF2A6 /* GraphCapsule.swift */,
				9FDE95C92C968955008AF2A6 /* HikeDetail.swift */,
				9FDE95CA2C968955008AF2A6 /* HikeGraph.swift */,
				9FDE95CB2C968955008AF2A6 /* HikeView.swift */,
				9FDE95E12C9A678C008AF2A6 /* HikeBadge.swift */,
			);
			path = Hikes;
			sourceTree = "<group>";
		};
		9FDE95D32C991809008AF2A6 /* Category */ = {
			isa = PBXGroup;
			children = (
				9FDE95D42C991822008AF2A6 /* CategoryHome.swift */,
				9FDE95D62C9919E3008AF2A6 /* CategoryRow.swift */,
				9FDE95D82C991B24008AF2A6 /* CategoryItem.swift */,
			);
			path = Category;
			sourceTree = "<group>";
		};
		9FDE95DC2C9A56C4008AF2A6 /* Profiles */ = {
			isa = PBXGroup;
			children = (
				9FDE95DD2C9A56D3008AF2A6 /* ProfileHost.swift */,
				9FDE95DF2C9A6660008AF2A6 /* ProfileSummary.swift */,
				9FDE95E32C9A6B87008AF2A6 /* ProfileEditor.swift */,
			);
			path = Profiles;
			sourceTree = "<group>";
		};
/* End PBXGroup section */

/* Begin PBXNativeTarget section */
		9F5B18DC2C8B6586007CE48D /* swiftUITutorial */ = {
			isa = PBXNativeTarget;
			buildConfigurationList = 9F5B18EB2C8B6587007CE48D /* Build configuration list for PBXNativeTarget "swiftUITutorial" */;
			buildPhases = (
				9F5B18D92C8B6586007CE48D /* Sources */,
				9F5B18DA2C8B6586007CE48D /* Frameworks */,
				9F5B18DB2C8B6586007CE48D /* Resources */,
			);
			buildRules = (
			);
			dependencies = (
			);
			name = swiftUITutorial;
			productName = swiftUITutorial;
			productReference = 9F5B18DD2C8B6586007CE48D /* swiftUITutorial.app */;
			productType = "com.apple.product-type.application";
		};
/* End PBXNativeTarget section */

/* Begin PBXProject section */
		9F5B18D52C8B6586007CE48D /* Project object */ = {
			isa = PBXProject;
			attributes = {
				BuildIndependentTargetsInParallel = 1;
				LastSwiftUpdateCheck = 1540;
				LastUpgradeCheck = 1540;
				TargetAttributes = {
					9F5B18DC2C8B6586007CE48D = {
						CreatedOnToolsVersion = 15.4;
					};
				};
			};
			buildConfigurationList = 9F5B18D82C8B6586007CE48D /* Build configuration list for PBXProject "swiftUITutorial" */;
			compatibilityVersion = "Xcode 14.0";
			developmentRegion = en;
			hasScannedForEncodings = 0;
			knownRegions = (
				en,
				Base,
			);
			mainGroup = 9F5B18D42C8B6586007CE48D;
			productRefGroup = 9F5B18DE2C8B6586007CE48D /* Products */;
			projectDirPath = "";
			projectRoot = "";
			targets = (
				9F5B18DC2C8B6586007CE48D /* swiftUITutorial */,
			);
		};
/* End PBXProject section */

/* Begin PBXResourcesBuildPhase section */
		9F5B18DB2C8B6586007CE48D /* Resources */ = {
			isa = PBXResourcesBuildPhase;
			buildActionMask = 2147483647;
			files = (
				9FDE95C72C96894E008AF2A6 /* hikeData.json in Resources */,
				9FBBD9D12C8C1BE400D93C91 /* landmarkData.json in Resources */,
				9F5B18E82C8B6587007CE48D /* Preview Assets.xcassets in Resources */,
				9F5B18E52C8B6587007CE48D /* Assets.xcassets in Resources */,
			);
			runOnlyForDeploymentPostprocessing = 0;
		};
/* End PBXResourcesBuildPhase section */

/* Begin PBXSourcesBuildPhase section */
		9F5B18D92C8B6586007CE48D /* Sources */ = {
			isa = PBXSourcesBuildPhase;
			buildActionMask = 2147483647;
			files = (
				9FDE95D72C9919E3008AF2A6 /* CategoryRow.swift in Sources */,
				9FDE95DB2C9A516B008AF2A6 /* Profile.swift in Sources */,
				9FDE95C52C96891E008AF2A6 /* HexagonParameters.swift in Sources */,
				9FDE95D52C991822008AF2A6 /* CategoryHome.swift in Sources */,
				9F20E3752C9FEAFE003FF56E /* FeatureCard.swift in Sources */,
				9FDE95CF2C968955008AF2A6 /* HikeGraph.swift in Sources */,
				9F5B18E32C8B6586007CE48D /* ContentView.swift in Sources */,
				9F5B18E12C8B6586007CE48D /* swiftUITutorialApp.swift in Sources */,
				9FDE95D02C968955008AF2A6 /* HikeView.swift in Sources */,
				9FBBD9CF2C8C135600D93C91 /*  MapView.swift in Sources */,
				9F20E3792C9FF240003FF56E /* PageControl.swift in Sources */,
				9FA587A32C8E839900CC9CE3 /* FavoriteButton.swift in Sources */,
				9FDE95D92C991B24008AF2A6 /* CategoryItem.swift in Sources */,
				9F93CD9F2C8FE05A006C4DED /* BadgeSymbol.swift in Sources */,
				9FDE95E02C9A6660008AF2A6 /* ProfileSummary.swift in Sources */,
				9FBBD9CD2C8C127500D93C91 /* CircleImage.swift in Sources */,
				9FDE95DE2C9A56D3008AF2A6 /* ProfileHost.swift in Sources */,
				9F93CDA12C8FE28F006C4DED /* Badge.swift in Sources */,
				9FDE95D22C968970008AF2A6 /* Hike.swift in Sources */,
				9F20E3772C9FECFF003FF56E /* PageView.swift in Sources */,
				9FDE95CE2C968955008AF2A6 /* HikeDetail.swift in Sources */,
				9FDE95E42C9A6B87008AF2A6 /* ProfileEditor.swift in Sources */,
				9F93CDA32C8FE346006C4DED /* RotatedBadgeSymbol.swift in Sources */,
				9F44984C2C8C75B600A61392 /* LandmarkDetail.swift in Sources */,
				9F93CD9D2C8FDC0A006C4DED /* BadgeBackground.swift in Sources */,
				9F20E3732C9FBC9A003FF56E /* PageViewController.swift in Sources */,
				9FBBD9D32C8C1C0100D93C91 /* Landmark.swift in Sources */,
				9FDE95E22C9A678C008AF2A6 /* HikeBadge.swift in Sources */,
				9FDE95CD2C968955008AF2A6 /* GraphCapsule.swift in Sources */,
				9F4498482C8C712F00A61392 /* LandmarkRow.swift in Sources */,
				9FBBD9D52C8C651D00D93C91 /* ModelData.swift in Sources */,
				9F44984A2C8C73CA00A61392 /* LandmarkLists.swift in Sources */,
			);
			runOnlyForDeploymentPostprocessing = 0;
		};
/* End PBXSourcesBuildPhase section */

/* Begin XCBuildConfiguration section */
		9F5B18E92C8B6587007CE48D /* Debug */ = {
			isa = XCBuildConfiguration;
			buildSettings = {
				ALWAYS_SEARCH_USER_PATHS = NO;
				ASSETCATALOG_COMPILER_GENERATE_SWIFT_ASSET_SYMBOL_EXTENSIONS = YES;
				CLANG_ANALYZER_NONNULL = YES;
				CLANG_ANALYZER_NUMBER_OBJECT_CONVERSION = YES_AGGRESSIVE;
				CLANG_CXX_LANGUAGE_STANDARD = "gnu++20";
				CLANG_ENABLE_MODULES = YES;
				CLANG_ENABLE_OBJC_ARC = YES;
				CLANG_ENABLE_OBJC_WEAK = YES;
				CLANG_WARN_BLOCK_CAPTURE_AUTORELEASING = YES;
				CLANG_WARN_BOOL_CONVERSION = YES;
				CLANG_WARN_COMMA = YES;
				CLANG_WARN_CONSTANT_CONVERSION = YES;
				CLANG_WARN_DEPRECATED_OBJC_IMPLEMENTATIONS = YES;
				CLANG_WARN_DIRECT_OBJC_ISA_USAGE = YES_ERROR;
				CLANG_WARN_DOCUMENTATION_COMMENTS = YES;
				CLANG_WARN_EMPTY_BODY = YES;
				CLANG_WARN_ENUM_CONVERSION = YES;
				CLANG_WARN_INFINITE_RECURSION = YES;
				CLANG_WARN_INT_CONVERSION = YES;
				CLANG_WARN_NON_LITERAL_NULL_CONVERSION = YES;
				CLANG_WARN_OBJC_IMPLICIT_RETAIN_SELF = YES;
				CLANG_WARN_OBJC_LITERAL_CONVERSION = YES;
				CLANG_WARN_OBJC_ROOT_CLASS = YES_ERROR;
				CLANG_WARN_QUOTED_INCLUDE_IN_FRAMEWORK_HEADER = YES;
				CLANG_WARN_RANGE_LOOP_ANALYSIS = YES;
				CLANG_WARN_STRICT_PROTOTYPES = YES;
				CLANG_WARN_SUSPICIOUS_MOVE = YES;
				CLANG_WARN_UNGUARDED_AVAILABILITY = YES_AGGRESSIVE;
				CLANG_WARN_UNREACHABLE_CODE = YES;
				CLANG_WARN__DUPLICATE_METHOD_MATCH = YES;
				COPY_PHASE_STRIP = NO;
				DEBUG_INFORMATION_FORMAT = dwarf;
				ENABLE_STRICT_OBJC_MSGSEND = YES;
				ENABLE_TESTABILITY = YES;
				ENABLE_USER_SCRIPT_SANDBOXING = YES;
				GCC_C_LANGUAGE_STANDARD = gnu17;
				GCC_DYNAMIC_NO_PIC = NO;
				GCC_NO_COMMON_BLOCKS = YES;
				GCC_OPTIMIZATION_LEVEL = 0;
				GCC_PREPROCESSOR_DEFINITIONS = (
					"DEBUG=1",
					"$(inherited)",
				);
				GCC_WARN_64_TO_32_BIT_CONVERSION = YES;
				GCC_WARN_ABOUT_RETURN_TYPE = YES_ERROR;
				GCC_WARN_UNDECLARED_SELECTOR = YES;
				GCC_WARN_UNINITIALIZED_AUTOS = YES_AGGRESSIVE;
				GCC_WARN_UNUSED_FUNCTION = YES;
				GCC_WARN_UNUSED_VARIABLE = YES;
				IPHONEOS_DEPLOYMENT_TARGET = 15.0;
				LOCALIZATION_PREFERS_STRING_CATALOGS = YES;
				MTL_ENABLE_DEBUG_INFO = INCLUDE_SOURCE;
				MTL_FAST_MATH = YES;
				ONLY_ACTIVE_ARCH = YES;
				SDKROOT = iphoneos;
				SWIFT_ACTIVE_COMPILATION_CONDITIONS = "DEBUG $(inherited)";
				SWIFT_OPTIMIZATION_LEVEL = "-Onone";
			};
			name = Debug;
		};
		9F5B18EA2C8B6587007CE48D /* Release */ = {
			isa = XCBuildConfiguration;
			buildSettings = {
				ALWAYS_SEARCH_USER_PATHS = NO;
				ASSETCATALOG_COMPILER_GENERATE_SWIFT_ASSET_SYMBOL_EXTENSIONS = YES;
				CLANG_ANALYZER_NONNULL = YES;
				CLANG_ANALYZER_NUMBER_OBJECT_CONVERSION = YES_AGGRESSIVE;
				CLANG_CXX_LANGUAGE_STANDARD = "gnu++20";
				CLANG_ENABLE_MODULES = YES;
				CLANG_ENABLE_OBJC_ARC = YES;
				CLANG_ENABLE_OBJC_WEAK = YES;
				CLANG_WARN_BLOCK_CAPTURE_AUTORELEASING = YES;
				CLANG_WARN_BOOL_CONVERSION = YES;
				CLANG_WARN_COMMA = YES;
				CLANG_WARN_CONSTANT_CONVERSION = YES;
				CLANG_WARN_DEPRECATED_OBJC_IMPLEMENTATIONS = YES;
				CLANG_WARN_DIRECT_OBJC_ISA_USAGE = YES_ERROR;
				CLANG_WARN_DOCUMENTATION_COMMENTS = YES;
				CLANG_WARN_EMPTY_BODY = YES;
				CLANG_WARN_ENUM_CONVERSION = YES;
				CLANG_WARN_INFINITE_RECURSION = YES;
				CLANG_WARN_INT_CONVERSION = YES;
				CLANG_WARN_NON_LITERAL_NULL_CONVERSION = YES;
				CLANG_WARN_OBJC_IMPLICIT_RETAIN_SELF = YES;
				CLANG_WARN_OBJC_LITERAL_CONVERSION = YES;
				CLANG_WARN_OBJC_ROOT_CLASS = YES_ERROR;
				CLANG_WARN_QUOTED_INCLUDE_IN_FRAMEWORK_HEADER = YES;
				CLANG_WARN_RANGE_LOOP_ANALYSIS = YES;
				CLANG_WARN_STRICT_PROTOTYPES = YES;
				CLANG_WARN_SUSPICIOUS_MOVE = YES;
				CLANG_WARN_UNGUARDED_AVAILABILITY = YES_AGGRESSIVE;
				CLANG_WARN_UNREACHABLE_CODE = YES;
				CLANG_WARN__DUPLICATE_METHOD_MATCH = YES;
				COPY_PHASE_STRIP = NO;
				DEBUG_INFORMATION_FORMAT = "dwarf-with-dsym";
				ENABLE_NS_ASSERTIONS = NO;
				ENABLE_STRICT_OBJC_MSGSEND = YES;
				ENABLE_USER_SCRIPT_SANDBOXING = YES;
				GCC_C_LANGUAGE_STANDARD = gnu17;
				GCC_NO_COMMON_BLOCKS = YES;
				GCC_WARN_64_TO_32_BIT_CONVERSION = YES;
				GCC_WARN_ABOUT_RETURN_TYPE = YES_ERROR;
				GCC_WARN_UNDECLARED_SELECTOR = YES;
				GCC_WARN_UNINITIALIZED_AUTOS = YES_AGGRESSIVE;
				GCC_WARN_UNUSED_FUNCTION = YES;
				GCC_WARN_UNUSED_VARIABLE = YES;
				IPHONEOS_DEPLOYMENT_TARGET = 15.0;
				LOCALIZATION_PREFERS_STRING_CATALOGS = YES;
				MTL_ENABLE_DEBUG_INFO = NO;
				MTL_FAST_MATH = YES;
				SDKROOT = iphoneos;
				SWIFT_COMPILATION_MODE = wholemodule;
				VALIDATE_PRODUCT = YES;
			};
			name = Release;
		};
		9F5B18EC2C8B6587007CE48D /* Debug */ = {
			isa = XCBuildConfiguration;
			buildSettings = {
				ASSETCATALOG_COMPILER_APPICON_NAME = AppIcon;
				ASSETCATALOG_COMPILER_GLOBAL_ACCENT_COLOR_NAME = AccentColor;
				CODE_SIGN_STYLE = Automatic;
				CURRENT_PROJECT_VERSION = 1;
				DEVELOPMENT_ASSET_PATHS = "\"swiftUITutorial/Preview Content\"";
				DEVELOPMENT_TEAM = P2R8FU9V62;
				ENABLE_PREVIEWS = YES;
				GENERATE_INFOPLIST_FILE = YES;
				INFOPLIST_KEY_UIApplicationSceneManifest_Generation = YES;
				INFOPLIST_KEY_UIApplicationSupportsIndirectInputEvents = YES;
				INFOPLIST_KEY_UILaunchScreen_Generation = YES;
				INFOPLIST_KEY_UISupportedInterfaceOrientations_iPad = "UIInterfaceOrientationPortrait UIInterfaceOrientationPortraitUpsideDown UIInterfaceOrientationLandscapeLeft UIInterfaceOrientationLandscapeRight";
				INFOPLIST_KEY_UISupportedInterfaceOrientations_iPhone = "UIInterfaceOrientationPortrait UIInterfaceOrientationLandscapeLeft UIInterfaceOrientationLandscapeRight";
				IPHONEOS_DEPLOYMENT_TARGET = 17.0;
				LD_RUNPATH_SEARCH_PATHS = (
					"$(inherited)",
					"@executable_path/Frameworks",
				);
				MARKETING_VERSION = 1.0;
				PRODUCT_BUNDLE_IDENTIFIER = sds.com.swiftUITutorial;
				PRODUCT_NAME = "$(TARGET_NAME)";
				SWIFT_EMIT_LOC_STRINGS = YES;
				SWIFT_VERSION = 5.0;
				TARGETED_DEVICE_FAMILY = "1,2";
			};
			name = Debug;
		};
		9F5B18ED2C8B6587007CE48D /* Release */ = {
			isa = XCBuildConfiguration;
			buildSettings = {
				ASSETCATALOG_COMPILER_APPICON_NAME = AppIcon;
				ASSETCATALOG_COMPILER_GLOBAL_ACCENT_COLOR_NAME = AccentColor;
				CODE_SIGN_STYLE = Automatic;
				CURRENT_PROJECT_VERSION = 1;
				DEVELOPMENT_ASSET_PATHS = "\"swiftUITutorial/Preview Content\"";
				DEVELOPMENT_TEAM = P2R8FU9V62;
				ENABLE_PREVIEWS = YES;
				GENERATE_INFOPLIST_FILE = YES;
				INFOPLIST_KEY_UIApplicationSceneManifest_Generation = YES;
				INFOPLIST_KEY_UIApplicationSupportsIndirectInputEvents = YES;
				INFOPLIST_KEY_UILaunchScreen_Generation = YES;
				INFOPLIST_KEY_UISupportedInterfaceOrientations_iPad = "UIInterfaceOrientationPortrait UIInterfaceOrientationPortraitUpsideDown UIInterfaceOrientationLandscapeLeft UIInterfaceOrientationLandscapeRight";
				INFOPLIST_KEY_UISupportedInterfaceOrientations_iPhone = "UIInterfaceOrientationPortrait UIInterfaceOrientationLandscapeLeft UIInterfaceOrientationLandscapeRight";
				IPHONEOS_DEPLOYMENT_TARGET = 17.0;
				LD_RUNPATH_SEARCH_PATHS = (
					"$(inherited)",
					"@executable_path/Frameworks",
				);
				MARKETING_VERSION = 1.0;
				PRODUCT_BUNDLE_IDENTIFIER = sds.com.swiftUITutorial;
				PRODUCT_NAME = "$(TARGET_NAME)";
				SWIFT_EMIT_LOC_STRINGS = YES;
				SWIFT_VERSION = 5.0;
				TARGETED_DEVICE_FAMILY = "1,2";
			};
			name = Release;
		};
/* End XCBuildConfiguration section */

/* Begin XCConfigurationList section */
		9F5B18D82C8B6586007CE48D /* Build configuration list for PBXProject "swiftUITutorial" */ = {
			isa = XCConfigurationList;
			buildConfigurations = (
				9F5B18E92C8B6587007CE48D /* Debug */,
				9F5B18EA2C8B6587007CE48D /* Release */,
			);
			defaultConfigurationIsVisible = 0;
			defaultConfigurationName = Release;
		};
		9F5B18EB2C8B6587007CE48D /* Build configuration list for PBXNativeTarget "swiftUITutorial" */ = {
			isa = XCConfigurationList;
			buildConfigurations = (
				9F5B18EC2C8B6587007CE48D /* Debug */,
				9F5B18ED2C8B6587007CE48D /* Release */,
			);
			defaultConfigurationIsVisible = 0;
			defaultConfigurationName = Release;
		};
/* End XCConfigurationList section */
	};
	rootObject = 9F5B18D52C8B6586007CE48D /* Project object */;
}
